
Microsoft Visual Studio Solution File, Format Version 12.00
# Visual Studio Version 17
VisualStudioVersion = 17.6.33829.357
MinimumVisualStudioVersion = 10.0.40219.1
Project("{FAE04EC0-301F-11D3-BF4B-00C04F79EFBC}") = "MyLibrary", "MyLibrary.csproj", "{072630AB-9D03-4840-BC1D-CED773078A83}"
EndProject
Global
	GlobalSection(SolutionConfigurationPlatforms) = preSolution
		Debug|Any CPU = Debug|Any CPU
		Release|Any CPU = Release|Any CPU
	EndGlobalSection
	GlobalSection(ProjectConfigurationPlatforms) = postSolution
		{072630AB-9D03-4840-BC1D-CED773078A83}.Debug|Any CPU.ActiveCfg = Debug|Any CPU
		{072630AB-9D03-4840-BC1D-CED773078A83}.Debug|Any CPU.Build.0 = Debug|Any CPU
		{072630AB-9D03-4840-BC1D-CED773078A83}.Release|Any CPU.ActiveCfg = Release|Any CPU
		{072630AB-9D03-4840-BC1D-CED773078A83}.Release|Any CPU.Build.0 = Release|Any CPU
	EndGlobalSection
	GlobalSection(SolutionProperties) = preSolution
		HideSolutionNode = FALSE
	EndGlobalSection
	GlobalSection(ExtensibilityGlobals) = postSolution
		SolutionGuid = {14132E6F-63D6-4EF9-94BD-497CCE053A2A}
	EndGlobalSection
EndGlobal
