
Microsoft Visual Studio Solution File, Format Version 12.00
# Visual Studio Version 17
VisualStudioVersion = 17.6.33829.357
MinimumVisualStudioVersion = 10.0.40219.1
Project("{FAE04EC0-301F-11D3-BF4B-00C04F79EFBC}") = "StringLibrary", "StringLibrary\StringLibrary.csproj", "{179CDC00-4FBE-4688-B630-D7865FC7F934}"
EndProject
Project("{FAE04EC0-301F-11D3-BF4B-00C04F79EFBC}") = "ShowCase", "ShowCase\ShowCase.csproj", "{121FB347-A67D-4661-B961-196C025D5A95}"
EndProject
Global
	GlobalSection(SolutionConfigurationPlatforms) = preSolution
		Debug|Any CPU = Debug|Any CPU
		Release|Any CPU = Release|Any CPU
	EndGlobalSection
	GlobalSection(ProjectConfigurationPlatforms) = postSolution
		{179CDC00-4FBE-4688-B630-D7865FC7F934}.Debug|Any CPU.ActiveCfg = Debug|Any CPU
		{179CDC00-4FBE-4688-B630-D7865FC7F934}.Debug|Any CPU.Build.0 = Debug|Any CPU
		{179CDC00-4FBE-4688-B630-D7865FC7F934}.Release|Any CPU.ActiveCfg = Release|Any CPU
		{179CDC00-4FBE-4688-B630-D7865FC7F934}.Release|Any CPU.Build.0 = Release|Any CPU
		{121FB347-A67D-4661-B961-196C025D5A95}.Debug|Any CPU.ActiveCfg = Debug|Any CPU
		{121FB347-A67D-4661-B961-196C025D5A95}.Debug|Any CPU.Build.0 = Debug|Any CPU
		{121FB347-A67D-4661-B961-196C025D5A95}.Release|Any CPU.ActiveCfg = Release|Any CPU
		{121FB347-A67D-4661-B961-196C025D5A95}.Release|Any CPU.Build.0 = Release|Any CPU
	EndGlobalSection
	GlobalSection(SolutionProperties) = preSolution
		HideSolutionNode = FALSE
	EndGlobalSection
	GlobalSection(ExtensibilityGlobals) = postSolution
		SolutionGuid = {9C0DED14-EACE-42A5-A5DE-2DBD35B18698}
	EndGlobalSection
EndGlobal
