
Microsoft Visual Studio Solution File, Format Version 12.00
# Visual Studio Version 17
VisualStudioVersion = 17.6.33829.357
MinimumVisualStudioVersion = 10.0.40219.1
Project("{FAE04EC0-301F-11D3-BF4B-00C04F79EFBC}") = "SimpleCalculatorApp", "SimpleCalculatorApp.csproj", "{7B22985D-F924-4E34-9096-08523FC9C68C}"
EndProject
Global
	GlobalSection(SolutionConfigurationPlatforms) = preSolution
		Debug|Any CPU = Debug|Any CPU
		Release|Any CPU = Release|Any CPU
	EndGlobalSection
	GlobalSection(ProjectConfigurationPlatforms) = postSolution
		{7B22985D-F924-4E34-9096-08523FC9C68C}.Debug|Any CPU.ActiveCfg = Debug|Any CPU
		{7B22985D-F924-4E34-9096-08523FC9C68C}.Debug|Any CPU.Build.0 = Debug|Any CPU
		{7B22985D-F924-4E34-9096-08523FC9C68C}.Release|Any CPU.ActiveCfg = Release|Any CPU
		{7B22985D-F924-4E34-9096-08523FC9C68C}.Release|Any CPU.Build.0 = Release|Any CPU
	EndGlobalSection
	GlobalSection(SolutionProperties) = preSolution
		HideSolutionNode = FALSE
	EndGlobalSection
	GlobalSection(ExtensibilityGlobals) = postSolution
		SolutionGuid = {CBC46C76-4A4A-4C3D-9257-297A8203FDDA}
	EndGlobalSection
EndGlobal
